{
  "name": "deploy-action",
  "version": "1.0.0",
  "lockfileVersion": 1,
  "requires": true,
  "dependencies": {
    "@actions/core": {
      "version": "1.2.6"
    },
    "@actions/exec": {
      "version": "1.0.4",
      "dev": true,
      "requires": {
        "@actions/io": "^1.0.1"
      }
    },
    "@actions/github": {
      "version": "4.0.0",
      "requires": {
        "@actions/http-client": "^1.0.8",
        "@octokit/core": "^3.0.0",
        "@octokit/plugin-paginate-rest": "^2.2.3",
        "@octokit/plugin-rest-endpoint-methods": "^4.0.0"
      }
    },
    "@actions/http-client": {
      "version": "1.0.9",
      "resolved": "https://registry.npmmirror.com/@actions/http-client/download/@actions/http-client-1.0.9.tgz",
      "integrity": "sha1-rxlH0CAEPbxqO0xZGIkglcMP+1I=",
      "requires": {
        "tunnel": "0.0.6"
      }
    },
    "@actions/io": {
      "version": "1.0.2",
      "resolved": "https://registry.npmmirror.com/@actions/io/download/@actions/io-1.0.2.tgz",
      "integrity": "sha1-L2FLbmnOFNGRGARR6zjmV2puayc=",
      "dev": true
    },
    "@icetee/ftp": {
      "version": "0.3.15",
      "resolved": "https://registry.npmmirror.com/@icetee/ftp/download/@icetee/ftp-0.3.15.tgz",
      "integrity": "sha1-0y79kat1hfCjtsvtnO/+J2OwTsY=",
      "requires": {
        "readable-stream": "1.1.x",
        "xregexp": "2.0.0"
      }
    },
    "@octokit/auth-token": {
      "version": "2.5.0",
      "resolved": "https://registry.nlark.com/@octokit/auth-token/download/@octokit/auth-token-2.5.0.tgz",
      "integrity": "sha1-J8N+omwgXyhENAJHf/0mExHyHjY=",
      "requires": {
        "@octokit/types": "^6.0.3"
      },
      "dependencies": {
        "@octokit/types": {
          "version": "6.34.0",
          "resolved": "https://registry.npmmirror.com/@octokit/types/download/@octokit/types-6.34.0.tgz?cache=0&sync_timestamp=1633913157946&other_urls=https%3A%2F%2Fregistry.npmmirror.com%2F%40octokit%2Ftypes%2Fdownload%2F%40octokit%2Ftypes-6.34.0.tgz",
          "integrity": "sha1-xgITMzNNHs+103CoeYFi3fGughg=",
          "requires": {
            "@octokit/openapi-types": "^11.2.0"
          }
        }
      }
    },
    "@octokit/core": {
      "version": "3.2.1",
      "resolved": "https://registry.nlark.com/@octokit/core/download/@octokit/core-3.2.1.tgz",
      "integrity": "sha1-ngTfP05/glrAVZMnSQzjQpkUCvU=",
      "requires": {
        "@octokit/auth-token": "^2.4.0",
        "@octokit/graphql": "^4.3.1",
        "@octokit/request": "^5.4.0",
        "@octokit/types": "^5.0.0",
        "before-after-hook": "^2.1.0",
        "universal-user-agent": "^6.0.0"
      }
    },
    "@octokit/endpoint": {
      "version": "6.0.12",
      "resolved": "https://registry.nlark.com/@octokit/endpoint/download/@octokit/endpoint-6.0.12.tgz",
      "integrity": "sha1-O01HpLDnmxAn+4111CIZKLLQVlg=",
      "requires": {
        "@octokit/types": "^6.0.3",
        "is-plain-object": "^5.0.0",
        "universal-user-agent": "^6.0.0"
      },
      "dependencies": {
        "@octokit/types": {
          "version": "6.34.0",
          "resolved": "https://registry.npmmirror.com/@octokit/types/download/@octokit/types-6.34.0.tgz?cache=0&sync_timestamp=1633913157946&other_urls=https%3A%2F%2Fregistry.npmmirror.com%2F%40octokit%2Ftypes%2Fdownload%2F%40octokit%2Ftypes-6.34.0.tgz",
          "integrity": "sha1-xgITMzNNHs+103CoeYFi3fGughg=",
          "requires": {
            "@octokit/openapi-types": "^11.2.0"
          }
        }
      }
    },
    "@octokit/graphql": {
      "version": "4.8.0",
      "resolved": "https://registry.nlark.com/@octokit/graphql/download/@octokit/graphql-4.8.0.tgz",
      "integrity": "sha1-Zk2bEcDhIRLL944Q9JoFlZqiLMM=",
      "requires": {
        "@octokit/request": "^5.6.0",
        "@octokit/types": "^6.0.3",
        "universal-user-agent": "^6.0.0"
      },
      "dependencies": {
        "@octokit/types": {
          "version": "6.34.0",
          "resolved": "https://registry.npmmirror.com/@octokit/types/download/@octokit/types-6.34.0.tgz?cache=0&sync_timestamp=1633913157946&other_urls=https%3A%2F%2Fregistry.npmmirror.com%2F%40octokit%2Ftypes%2Fdownload%2F%40octokit%2Ftypes-6.34.0.tgz",
          "integrity": "sha1-xgITMzNNHs+103CoeYFi3fGughg=",
          "requires": {
            "@octokit/openapi-types": "^11.2.0"
          }
        }
      }
    },
    "@octokit/openapi-types": {
      "version": "11.2.0",
      "resolved": "https://registry.npmmirror.com/@octokit/openapi-types/download/@octokit/openapi-types-11.2.0.tgz?cache=0&sync_timestamp=1633913172074&other_urls=https%3A%2F%2Fregistry.npmmirror.com%2F%40octokit%2Fopenapi-types%2Fdownload%2F%40octokit%2Fopenapi-types-11.2.0.tgz",
      "integrity": "sha1-s41/w3NtUqHpayMMHM1KWKL0AKY="
    },
    "@octokit/plugin-paginate-rest": {
      "version": "2.6.0",
      "resolved": "https://registry.npmmirror.com/@octokit/plugin-paginate-rest/download/@octokit/plugin-paginate-rest-2.6.0.tgz",
      "integrity": "sha1-A0FjlueiJ7JoxbgnNlI49iCpxcE=",
      "requires": {
        "@octokit/types": "^5.5.0"
      }
    },
    "@octokit/plugin-rest-endpoint-methods": {
      "version": "4.2.1",
      "resolved": "https://registry.npmmirror.com/@octokit/plugin-rest-endpoint-methods/download/@octokit/plugin-rest-endpoint-methods-4.2.1.tgz",
      "integrity": "sha1-giSDOkXDOUg23G6G8ebEkmmiw1A=",
      "requires": {
        "@octokit/types": "^5.5.0",
        "deprecation": "^2.3.1"
      }
    },
    "@octokit/request": {
      "version": "5.6.2",
      "resolved": "https://registry.npmmirror.com/@octokit/request/download/@octokit/request-5.6.2.tgz",
      "integrity": "sha1-GqdNXae54ErGDvIy7dmnQ43PMtg=",
      "requires": {
        "@octokit/endpoint": "^6.0.1",
        "@octokit/request-error": "^2.1.0",
        "@octokit/types": "^6.16.1",
        "is-plain-object": "^5.0.0",
        "node-fetch": "^2.6.1",
        "universal-user-agent": "^6.0.0"
      },
      "dependencies": {
        "@octokit/types": {
          "version": "6.34.0",
          "resolved": "https://registry.npmmirror.com/@octokit/types/download/@octokit/types-6.34.0.tgz?cache=0&sync_timestamp=1633913157946&other_urls=https%3A%2F%2Fregistry.npmmirror.com%2F%40octokit%2Ftypes%2Fdownload%2F%40octokit%2Ftypes-6.34.0.tgz",
          "integrity": "sha1-xgITMzNNHs+103CoeYFi3fGughg=",
          "requires": {
            "@octokit/openapi-types": "^11.2.0"
          }
        }
      }
    },
    "@octokit/request-error": {
      "version": "2.1.0",
      "resolved": "https://registry.nlark.com/@octokit/request-error/download/@octokit/request-error-2.1.0.tgz",
      "integrity": "sha1-nhUDV4Mb/HiNE6T9SxkT1gx01nc=",
      "requires": {
        "@octokit/types": "^6.0.3",
        "deprecation": "^2.0.0",
        "once": "^1.4.0"
      },
      "dependencies": {
        "@octokit/types": {
          "version": "6.34.0",
          "resolved": "https://registry.npmmirror.com/@octokit/types/download/@octokit/types-6.34.0.tgz?cache=0&sync_timestamp=1633913157946&other_urls=https%3A%2F%2Fregistry.npmmirror.com%2F%40octokit%2Ftypes%2Fdownload%2F%40octokit%2Ftypes-6.34.0.tgz",
          "integrity": "sha1-xgITMzNNHs+103CoeYFi3fGughg=",
          "requires": {
            "@octokit/openapi-types": "^11.2.0"
          }
        }
      }
    },
    "@octokit/types": {
      "version": "5.5.0",
      "resolved": "https://registry.npmmirror.com/@octokit/types/download/@octokit/types-5.5.0.tgz?cache=0&sync_timestamp=1633913157946&other_urls=https%3A%2F%2Fregistry.npmmirror.com%2F%40octokit%2Ftypes%2Fdownload%2F%40octokit%2Ftypes-5.5.0.tgz",
      "integrity": "sha1-5fBujbISRsoQKqKERM2xOuF6E5s=",
      "requires": {
        "@types/node": ">= 8"
      }
    },
    "@types/node": {
      "version": "17.0.8",
      "resolved": "https://registry.npmmirror.com/@types/node/download/@types/node-17.0.8.tgz",
      "integrity": "sha512-YofkM6fGv4gDJq78g4j0mMuGMkZVxZDgtU0JRdx6FgiJDG+0fY0GKVolOV8WqVmEhLCXkQRjwDdKyPxJp/uucg=="
    },
    "balanced-match": {
      "version": "1.0.2",
      "resolved": "https://registry.nlark.com/balanced-match/download/balanced-match-1.0.2.tgz",
      "integrity": "sha1-6D46fj8wCzTLnYf2FfoMvzV2kO4="
    },
    "before-after-hook": {
      "version": "2.2.2",
      "resolved": "https://registry.nlark.com/before-after-hook/download/before-after-hook-2.2.2.tgz",
      "integrity": "sha1-pujKQQKNkO4sJCIvIByQlWCRYT4="
    },
    "bluebird": {
      "version": "3.7.2",
      "resolved": "https://registry.nlark.com/bluebird/download/bluebird-3.7.2.tgz?cache=0&sync_timestamp=1622605302685&other_urls=https%3A%2F%2Fregistry.nlark.com%2Fbluebird%2Fdownload%2Fbluebird-3.7.2.tgz",
      "integrity": "sha1-nyKcFb4nJFT/qXOs4NvueaGww28="
    },
    "brace-expansion": {
      "version": "1.1.11",
      "resolved": "https://registry.nlark.com/brace-expansion/download/brace-expansion-1.1.11.tgz",
      "integrity": "sha1-PH/L9SnYcibz0vUrlm/1Jx60Qd0=",
      "requires": {
        "balanced-match": "^1.0.0",
        "concat-map": "0.0.1"
      }
    },
    "concat-map": {
      "version": "0.0.1",
      "resolved": "https://registry.nlark.com/concat-map/download/concat-map-0.0.1.tgz",
      "integrity": "sha1-2Klr13/Wjfd5OnMDajug1UBdR3s="
    },
    "core-util-is": {
      "version": "1.0.3",
      "resolved": "https://registry.nlark.com/core-util-is/download/core-util-is-1.0.3.tgz",
      "integrity": "sha1-pgQtNjTCsn6TKPg3uWX6yDgI24U="
    },
    "deprecation": {
      "version": "2.3.1",
      "resolved": "https://registry.nlark.com/deprecation/download/deprecation-2.3.1.tgz",
      "integrity": "sha1-Y2jL20Cr8zc7UlrIfkomDDpwCRk="
    },
    "fs-extra": {
      "version": "10.0.0",
      "resolved": "https://registry.nlark.com/fs-extra/download/fs-extra-10.0.0.tgz?cache=0&sync_timestamp=1622604476909&other_urls=https%3A%2F%2Fregistry.nlark.com%2Ffs-extra%2Fdownload%2Ffs-extra-10.0.0.tgz",
      "integrity": "sha1-n/YbZV3eU/s0qC34S7IUzoAuF8E=",
      "requires": {
        "graceful-fs": "^4.2.0",
        "jsonfile": "^6.0.1",
        "universalify": "^2.0.0"
      }
    },
    "ftp-deploy": {
      "version": "2.3.8",
      "requires": {
        "bluebird": "^3.7.0",
        "minimatch": "3.0.4",
        "promise-ftp": "^1.3.5",
        "read": "^1.0.7",
        "upath": "^1.2.0"
      }
    },
    "graceful-fs": {
      "version": "4.2.9",
      "resolved": "https://registry.npmmirror.com/graceful-fs/download/graceful-fs-4.2.9.tgz",
      "integrity": "sha512-NtNxqUcXgpW2iMrfqSfR73Glt39K+BLwWsPs94yR63v45T0Wbej7eRmL5cWfwEgqXnmjQp3zaJTshdRW/qC2ZQ=="
    },
    "inherits": {
      "version": "2.0.4",
      "resolved": "https://registry.nlark.com/inherits/download/inherits-2.0.4.tgz",
      "integrity": "sha1-D6LGT5MpF8NDOg3tVTY6rjdBa3w="
    },
    "is-plain-object": {
      "version": "5.0.0",
      "resolved": "https://registry.nlark.com/is-plain-object/download/is-plain-object-5.0.0.tgz?cache=0&sync_timestamp=1622605338713&other_urls=https%3A%2F%2Fregistry.nlark.com%2Fis-plain-object%2Fdownload%2Fis-plain-object-5.0.0.tgz",
      "integrity": "sha1-RCf1CrNCnpAl6n1S6QQ6nvQVk0Q="
    },
    "isarray": {
      "version": "0.0.1",
      "resolved": "https://registry.npmmirror.com/isarray/download/isarray-0.0.1.tgz",
      "integrity": "sha512-D2S+3GLxWH+uhrNEcoh/fnmYeP8E8/zHl644d/jdA0g2uyXvy3sb0qxotE+ne0LtccHknQzWwZEzhak7oJ0COQ=="
    },
    "js-base64": {
      "version": "3.6.0"
    },
    "jsonfile": {
      "version": "6.1.0",
      "resolved": "https://registry.nlark.com/jsonfile/download/jsonfile-6.1.0.tgz",
      "integrity": "sha1-vFWyY0eTxnnsZAMJTrE2mKbsCq4=",
      "requires": {
        "graceful-fs": "^4.1.6",
        "universalify": "^2.0.0"
      }
    },
    "minimatch": {
      "version": "3.0.4",
      "resolved": "https://registry.nlark.com/minimatch/download/minimatch-3.0.4.tgz?cache=0&sync_timestamp=1622604477105&other_urls=https%3A%2F%2Fregistry.nlark.com%2Fminimatch%2Fdownload%2Fminimatch-3.0.4.tgz",
      "integrity": "sha1-UWbihkV/AzBgZL5Ul+jbsMPTIIM=",
      "requires": {
        "brace-expansion": "^1.1.7"
      }
    },
    "mute-stream": {
      "version": "0.0.8",
      "resolved": "https://registry.nlark.com/mute-stream/download/mute-stream-0.0.8.tgz",
      "integrity": "sha1-FjDEKyJR/4HiooPelqVJfqkuXg0="
    },
    "node-fetch": {
      "version": "2.6.6",
      "resolved": "https://registry.npmmirror.com/node-fetch/download/node-fetch-2.6.6.tgz",
      "integrity": "sha1-F1GnwBg06OFpd1hzLp77burfr4k=",
      "requires": {
        "whatwg-url": "^5.0.0"
      }
    },
    "once": {
      "version": "1.4.0",
      "resolved": "https://registry.nlark.com/once/download/once-1.4.0.tgz",
      "integrity": "sha1-WDsap3WWHUsROsF9nFC6753Xa9E=",
      "requires": {
        "wrappy": "1"
      }
    },
    "promise-ftp": {
      "version": "1.3.5",
      "resolved": "https://registry.nlark.com/promise-ftp/download/promise-ftp-1.3.5.tgz",
      "integrity": "sha1-7PpKXlt3mmv91N0wlpV7WChvUQQ=",
      "requires": {
        "@icetee/ftp": "^0.3.15",
        "bluebird": "2.x",
        "promise-ftp-common": "^1.1.5"
      },
      "dependencies": {
        "bluebird": {
          "version": "2.11.0",
          "resolved": "https://registry.nlark.com/bluebird/download/bluebird-2.11.0.tgz?cache=0&sync_timestamp=1622605302685&other_urls=https%3A%2F%2Fregistry.nlark.com%2Fbluebird%2Fdownload%2Fbluebird-2.11.0.tgz",
          "integrity": "sha1-U0uQM8AiyVecVro7Plpcqvu2UOE="
        }
      }
    },
    "promise-ftp-common": {
      "version": "1.1.5",
      "resolved": "https://registry.nlark.com/promise-ftp-common/download/promise-ftp-common-1.1.5.tgz",
      "integrity": "sha1-tPgIKnQDVkdwNQZ2PtsUIw2YZdo="
    },
    "read": {
      "version": "1.0.7",
      "resolved": "https://registry.nlark.com/read/download/read-1.0.7.tgz",
      "integrity": "sha1-s9oZvQUkMal2cdRKQmNK33ELQMQ=",
      "requires": {
        "mute-stream": "~0.0.4"
      }
    },
    "readable-stream": {
      "version": "1.1.14",
      "resolved": "https://registry.npmmirror.com/readable-stream/download/readable-stream-1.1.14.tgz",
      "integrity": "sha1-fPTFTvZI44EwhMY23SB54WbAgdk=",
      "requires": {
        "core-util-is": "~1.0.0",
        "inherits": "~2.0.1",
        "isarray": "0.0.1",
        "string_decoder": "~0.10.x"
      }
    },
    "string_decoder": {
      "version": "0.10.31",
      "resolved": "https://registry.nlark.com/string_decoder/download/string_decoder-0.10.31.tgz",
      "integrity": "sha1-YuIDvEF2bGwoyfyEMB2rHFMQ+pQ="
    },
    "tr46": {
      "version": "0.0.3",
      "resolved": "https://registry.npmmirror.com/tr46/download/tr46-0.0.3.tgz?cache=0&other_urls=https%3A%2F%2Fregistry.npmmirror.com%2Ftr46%2Fdownload%2Ftr46-0.0.3.tgz",
      "integrity": "sha1-gYT9NH2snNwYWZLzpmIuFLnZq2o="
    },
    "tunnel": {
      "version": "0.0.6",
      "resolved": "https://registry.npmmirror.com/tunnel/download/tunnel-0.0.6.tgz",
      "integrity": "sha1-cvExSzSlsZLbASMk3yzFh8pH+Sw="
    },
    "universal-user-agent": {
      "version": "6.0.0",
      "resolved": "https://registry.npmmirror.com/universal-user-agent/download/universal-user-agent-6.0.0.tgz?cache=0&sync_timestamp=1632415313416&other_urls=https%3A%2F%2Fregistry.npmmirror.com%2Funiversal-user-agent%2Fdownload%2Funiversal-user-agent-6.0.0.tgz",
      "integrity": "sha1-M4H4UDslHA2c0hvB3pOeyd9UgO4="
    },
    "universalify": {
      "version": "2.0.0",
      "resolved": "https://registry.nlark.com/universalify/download/universalify-2.0.0.tgz",
      "integrity": "sha1-daSYTv7cSwiXXFrrc/Uw0C3yVxc="
    },
    "upath": {
      "version": "1.2.0",
      "resolved": "https://registry.nlark.com/upath/download/upath-1.2.0.tgz?cache=0&sync_timestamp=1622604485792&other_urls=https%3A%2F%2Fregistry.nlark.com%2Fupath%2Fdownload%2Fupath-1.2.0.tgz",
      "integrity": "sha1-j2bbzVWog6za5ECK+LA1pQRMGJQ="
    },
    "webidl-conversions": {
      "version": "3.0.1",
      "resolved": "https://registry.nlark.com/webidl-conversions/download/webidl-conversions-3.0.1.tgz",
      "integrity": "sha1-JFNCdeKnvGvnvIZhHMFq4KVlSHE="
    },
    "whatwg-url": {
      "version": "5.0.0",
      "resolved": "https://registry.npmmirror.com/whatwg-url/download/whatwg-url-5.0.0.tgz",
      "integrity": "sha1-lmRU6HZUYuN2RNNib2dCzotwll0=",
      "requires": {
        "tr46": "~0.0.3",
        "webidl-conversions": "^3.0.0"
      }
    },
    "wrappy": {
      "version": "1.0.2",
      "resolved": "https://registry.nlark.com/wrappy/download/wrappy-1.0.2.tgz",
      "integrity": "sha1-tSQ9jz7BqjXxNkYFvA0QNuMKtp8="
    },
    "xregexp": {
      "version": "2.0.0",
      "resolved": "https://registry.npmmirror.com/xregexp/download/xregexp-2.0.0.tgz",
      "integrity": "sha512-xl/50/Cf32VsGq/1R8jJE5ajH1yMCQkpmoS10QbFZWl2Oor4H0Me64Pu2yxvsRWK3m6soJbmGfzSR7BYmDcWAA=="
    }
  }
}
